
Microsoft Visual Studio Solution File, Format Version 12.00
# Visual Studio Version 16
VisualStudioVersion = 25.0.1704.4
MinimumVisualStudioVersion = 10.0.40219.1
Project("{FAE04EC0-301F-11D3-BF4B-00C04F79EFBC}") = "DateMe", "DateMe\DateMe.csproj", "{6AF09D6B-4C2D-4706-A523-A6CBCA7DB376}"
EndProject
Global
	GlobalSection(SolutionConfigurationPlatforms) = preSolution
		Debug|Any CPU = Debug|Any CPU
		Release|Any CPU = Release|Any CPU
	EndGlobalSection
	GlobalSection(ProjectConfigurationPlatforms) = postSolution
		{6AF09D6B-4C2D-4706-A523-A6CBCA7DB376}.Debug|Any CPU.ActiveCfg = Debug|Any CPU
		{6AF09D6B-4C2D-4706-A523-A6CBCA7DB376}.Debug|Any CPU.Build.0 = Debug|Any CPU
		{6AF09D6B-4C2D-4706-A523-A6CBCA7DB376}.Release|Any CPU.ActiveCfg = Release|Any CPU
		{6AF09D6B-4C2D-4706-A523-A6CBCA7DB376}.Release|Any CPU.Build.0 = Release|Any CPU
	EndGlobalSection
	GlobalSection(SolutionProperties) = preSolution
		HideSolutionNode = FALSE
	EndGlobalSection
	GlobalSection(ExtensibilityGlobals) = postSolution
		SolutionGuid = {14F3AC11-860C-4ED0-A03D-E9ADAD21223E}
	EndGlobalSection
EndGlobal
